
Microsoft Visual Studio Solution File, Format Version 12.00
# Visual Studio 15
VisualStudioVersion = 15.0.28307.1401
MinimumVisualStudioVersion = 10.0.40219.1
Project("{FAE04EC0-301F-11D3-BF4B-00C04F79EFBC}") = "ClinicAppUI", "ClinicAppUI\ClinicAppUI.csproj", "{8F216AD7-D2DA-4C18-BECA-EF977520C774}"
EndProject
Project("{FAE04EC0-301F-11D3-BF4B-00C04F79EFBC}") = "ClinicAppDataBase", "ClinicAppDataBase\ClinicAppDataBase.csproj", "{C5D0120D-31D3-4A68-AFAD-0A3FEFE891C7}"
EndProject
Project("{FAE04EC0-301F-11D3-BF4B-00C04F79EFBC}") = "ClinicAppBusinessLogic", "ClinicAppBusinessLogic\ClinicAppBusinessLogic.csproj", "{64B111BB-CCAB-43B6-80DD-01FF9DD506D0}"
EndProject
Project("{FAE04EC0-301F-11D3-BF4B-00C04F79EFBC}") = "ClinicAppTemplatesLogic", "ClinicAppTemplatesLogic\ClinicAppTemplatesLogic.csproj", "{1DA4954E-5448-4D6D-8CC8-66EC46385D57}"
EndProject
Project("{FAE04EC0-301F-11D3-BF4B-00C04F79EFBC}") = "ClinicAppUnitTests", "ClinicAppUnitTests\ClinicAppUnitTests.csproj", "{6F049FBE-3A70-4829-AF5D-C79E664A69A7}"
EndProject
Project("{FAE04EC0-301F-11D3-BF4B-00C04F79EFBC}") = "ClinicAppInstaller", "ClinicAppInstaller\ClinicAppInstaller.csproj", "{D8CEDCD0-18EE-46E8-A028-E607B3D65CC5}"
EndProject
Global
	GlobalSection(SolutionConfigurationPlatforms) = preSolution
		Debug|Any CPU = Debug|Any CPU
		Release|Any CPU = Release|Any CPU
	EndGlobalSection
	GlobalSection(ProjectConfigurationPlatforms) = postSolution
		{8F216AD7-D2DA-4C18-BECA-EF977520C774}.Debug|Any CPU.ActiveCfg = Debug|Any CPU
		{8F216AD7-D2DA-4C18-BECA-EF977520C774}.Debug|Any CPU.Build.0 = Debug|Any CPU
		{8F216AD7-D2DA-4C18-BECA-EF977520C774}.Release|Any CPU.ActiveCfg = Release|Any CPU
		{8F216AD7-D2DA-4C18-BECA-EF977520C774}.Release|Any CPU.Build.0 = Release|Any CPU
		{C5D0120D-31D3-4A68-AFAD-0A3FEFE891C7}.Debug|Any CPU.ActiveCfg = Debug|Any CPU
		{C5D0120D-31D3-4A68-AFAD-0A3FEFE891C7}.Debug|Any CPU.Build.0 = Debug|Any CPU
		{C5D0120D-31D3-4A68-AFAD-0A3FEFE891C7}.Release|Any CPU.ActiveCfg = Release|Any CPU
		{C5D0120D-31D3-4A68-AFAD-0A3FEFE891C7}.Release|Any CPU.Build.0 = Release|Any CPU
		{64B111BB-CCAB-43B6-80DD-01FF9DD506D0}.Debug|Any CPU.ActiveCfg = Debug|Any CPU
		{64B111BB-CCAB-43B6-80DD-01FF9DD506D0}.Debug|Any CPU.Build.0 = Debug|Any CPU
		{64B111BB-CCAB-43B6-80DD-01FF9DD506D0}.Release|Any CPU.ActiveCfg = Release|Any CPU
		{64B111BB-CCAB-43B6-80DD-01FF9DD506D0}.Release|Any CPU.Build.0 = Release|Any CPU
		{1DA4954E-5448-4D6D-8CC8-66EC46385D57}.Debug|Any CPU.ActiveCfg = Debug|Any CPU
		{1DA4954E-5448-4D6D-8CC8-66EC46385D57}.Debug|Any CPU.Build.0 = Debug|Any CPU
		{1DA4954E-5448-4D6D-8CC8-66EC46385D57}.Release|Any CPU.ActiveCfg = Release|Any CPU
		{1DA4954E-5448-4D6D-8CC8-66EC46385D57}.Release|Any CPU.Build.0 = Release|Any CPU
		{6F049FBE-3A70-4829-AF5D-C79E664A69A7}.Debug|Any CPU.ActiveCfg = Debug|Any CPU
		{6F049FBE-3A70-4829-AF5D-C79E664A69A7}.Debug|Any CPU.Build.0 = Debug|Any CPU
		{6F049FBE-3A70-4829-AF5D-C79E664A69A7}.Release|Any CPU.ActiveCfg = Release|Any CPU
		{6F049FBE-3A70-4829-AF5D-C79E664A69A7}.Release|Any CPU.Build.0 = Release|Any CPU
		{D8CEDCD0-18EE-46E8-A028-E607B3D65CC5}.Debug|Any CPU.ActiveCfg = Debug|Any CPU
		{D8CEDCD0-18EE-46E8-A028-E607B3D65CC5}.Debug|Any CPU.Build.0 = Debug|Any CPU
		{D8CEDCD0-18EE-46E8-A028-E607B3D65CC5}.Release|Any CPU.ActiveCfg = Release|Any CPU
		{D8CEDCD0-18EE-46E8-A028-E607B3D65CC5}.Release|Any CPU.Build.0 = Release|Any CPU
	EndGlobalSection
	GlobalSection(SolutionProperties) = preSolution
		HideSolutionNode = FALSE
	EndGlobalSection
	GlobalSection(ExtensibilityGlobals) = postSolution
		SolutionGuid = {4EE808FF-27B0-48D9-B3FD-FFC555B74574}
	EndGlobalSection
EndGlobal
